<?xml version="1.0" encoding="UTF-8" standalone="yes" ?>
<CodeBlocks_project_file>
	<FileVersion major="1" minor="6" />
	<Project>
		<Option title="N2D2" />
		<Option pch_mode="2" />
		<Option compiler="gcc" />
		<Build>
			<Target title="Debug">
				<Option output="bin/Debug/N2D2" prefix_auto="1" extension_auto="1" />
				<Option object_output="obj/Debug/" />
				<Option type="1" />
				<Option compiler="gcc" />
				<Compiler>
					<Add option="-g" />
				</Compiler>
			</Target>
			<Target title="Release">
				<Option output="bin/Release/N2D2" prefix_auto="1" extension_auto="1" />
				<Option object_output="obj/Release/" />
				<Option type="1" />
				<Option compiler="gcc" />
				<Compiler>
					<Add option="-O2" />
				</Compiler>
				<Linker>
					<Add option="-s" />
				</Linker>
			</Target>
		</Build>
		<Compiler>
			<Add option="-Wall" />
		</Compiler>
		<Unit filename=".clang-format" />
		<Unit filename=".travis.yml" />
		<Unit filename="CMakeLists.txt" />
		<Unit filename="CONTRIBUTING.md" />
		<Unit filename="LICENSE" />
		<Unit filename="Makefile" />
		<Unit filename="N2D2.cmake" />
		<Unit filename="README.md" />
		<Unit filename="appveyor.yml" />
		<Unit filename="doxygen.cfg" />
		<Unit filename="exec/CMakeLists.txt" />
		<Unit filename="exec/n2d2.cpp" />
		<Unit filename="exec/n2d2.sh" />
		<Unit filename="exec/n2d2_list_logo.hpp" />
		<Unit filename="exec/n2d2_live.cpp" />
		<Unit filename="export/C/include/typedefs.h" />
		<Unit filename="export/C/include/utils.h" />
		<Unit filename="export/CPP_Cuda/Makefile" />
		<Unit filename="export/CPP_Cuda/include/common_cuda.hpp" />
		<Unit filename="export/CPP_Cuda/include/kernels.hpp" />
		<Unit filename="export/CPP_Cuda/include/n2d2_cuda.hpp" />
		<Unit filename="export/CPP_Cuda/include/typedefs.h" />
		<Unit filename="export/CPP_Cuda/include/utils.h" />
		<Unit filename="export/CPP_Cuda/n2d2_cuda_test.cpp" />
		<Unit filename="export/CPP_Cuda/src/kernels.cu" />
		<Unit filename="export/CPP_Cuda/src/n2d2_cuda.cpp" />
		<Unit filename="export/CPP_OpenCL/Makefile" />
		<Unit filename="export/CPP_OpenCL/convertToCUDA.sed" />
		<Unit filename="export/CPP_OpenCL/include/Random.hpp" />
		<Unit filename="export/CPP_OpenCL/include/n2d2_opencl.hpp" />
		<Unit filename="export/CPP_OpenCL/include/typedefs.h" />
		<Unit filename="export/CPP_OpenCL/include/utils.h" />
		<Unit filename="export/CPP_OpenCL/kernels.cl" />
		<Unit filename="export/CPP_OpenCL/kernels_cpu.cl" />
		<Unit filename="export/CPP_OpenCL/launch_nvvp.sh" />
		<Unit filename="export/CPP_OpenCL/n2d2_opencl_test.cpp" />
		<Unit filename="export/CPP_OpenCL/nvvp.cfg" />
		<Unit filename="export/CPP_OpenCL/src/Random.cpp" />
		<Unit filename="export/CPP_OpenCL/src/n2d2_opencl.cpp" />
		<Unit filename="export/CPP_cuDNN/Makefile" />
		<Unit filename="export/CPP_cuDNN/include/Random.hpp" />
		<Unit filename="export/CPP_cuDNN/include/common_cuda.hpp" />
		<Unit filename="export/CPP_cuDNN/include/n2d2_cudnn.hpp" />
		<Unit filename="export/CPP_cuDNN/include/n2d2_cudnn_kernels.hpp" />
		<Unit filename="export/CPP_cuDNN/include/typedefs.h" />
		<Unit filename="export/CPP_cuDNN/include/utils.h" />
		<Unit filename="export/CPP_cuDNN/n2d2_cudnn_test.cpp" />
		<Unit filename="export/CPP_cuDNN/src/Random.cpp" />
		<Unit filename="export/CPP_cuDNN/src/n2d2_cudnn.cpp" />
		<Unit filename="export/CPP_cuDNN/src/n2d2_cudnn_kernels.cu" />
		<Unit filename="include/Activation/Activation.hpp" />
		<Unit filename="include/Activation/Activation_CUDA_Kernels.hpp" />
		<Unit filename="include/Activation/LogisticActivation.hpp" />
		<Unit filename="include/Activation/LogisticActivation_Frame.hpp" />
		<Unit filename="include/Activation/LogisticActivation_Frame_CUDA.hpp" />
		<Unit filename="include/Activation/RectifierActivation.hpp" />
		<Unit filename="include/Activation/RectifierActivation_Frame.hpp" />
		<Unit filename="include/Activation/RectifierActivation_Frame_CUDA.hpp" />
		<Unit filename="include/Activation/SaturationActivation.hpp" />
		<Unit filename="include/Activation/SaturationActivation_Frame.hpp" />
		<Unit filename="include/Activation/SaturationActivation_Frame_CUDA.hpp" />
		<Unit filename="include/Activation/SoftplusActivation.hpp" />
		<Unit filename="include/Activation/SoftplusActivation_Frame.hpp" />
		<Unit filename="include/Activation/SoftplusActivation_Frame_CUDA.hpp" />
		<Unit filename="include/Activation/TanhActivation.hpp" />
		<Unit filename="include/Activation/TanhActivation_Frame.hpp" />
		<Unit filename="include/Activation/TanhActivation_Frame_CUDA.hpp" />
		<Unit filename="include/Aer.hpp" />
		<Unit filename="include/AerEvent.hpp" />
		<Unit filename="include/CEnvironment.hpp" />
		<Unit filename="include/Cell/BatchNormCell.hpp" />
		<Unit filename="include/Cell/BatchNormCell_Frame.hpp" />
		<Unit filename="include/Cell/BatchNormCell_Frame_CUDA.hpp" />
		<Unit filename="include/Cell/Cell.hpp" />
		<Unit filename="include/Cell/Cell_CSpike_Top.hpp" />
		<Unit filename="include/Cell/Cell_Frame.hpp" />
		<Unit filename="include/Cell/Cell_Frame_CUDA.hpp" />
		<Unit filename="include/Cell/Cell_Frame_Top.hpp" />
		<Unit filename="include/Cell/Cell_Spike.hpp" />
		<Unit filename="include/Cell/ConvCell.hpp" />
		<Unit filename="include/Cell/ConvCell_Frame.hpp" />
		<Unit filename="include/Cell/ConvCell_Frame_CUDA.hpp" />
		<Unit filename="include/Cell/ConvCell_Frame_Kernels.hpp" />
		<Unit filename="include/Cell/ConvCell_Spike.hpp" />
		<Unit filename="include/Cell/ConvCell_Spike_Analog.hpp" />
		<Unit filename="include/Cell/ConvCell_Spike_PCM.hpp" />
		<Unit filename="include/Cell/ConvCell_Spike_RRAM.hpp" />
		<Unit filename="include/Cell/ConvCell_Transcode.hpp" />
		<Unit filename="include/Cell/DeconvCell.hpp" />
		<Unit filename="include/Cell/DeconvCell_Frame.hpp" />
		<Unit filename="include/Cell/DeconvCell_Frame_CUDA.hpp" />
		<Unit filename="include/Cell/DropoutCell.hpp" />
		<Unit filename="include/Cell/DropoutCell_Frame_CUDA.hpp" />
		<Unit filename="include/Cell/FMPCell.hpp" />
		<Unit filename="include/Cell/FMPCell_Frame.hpp" />
		<Unit filename="include/Cell/FMPCell_Frame_CUDA.hpp" />
		<Unit filename="include/Cell/FMPCell_Frame_CUDA_Kernels.hpp" />
		<Unit filename="include/Cell/FcCell.hpp" />
		<Unit filename="include/Cell/FcCell_Frame.hpp" />
		<Unit filename="include/Cell/FcCell_Frame_CUDA.hpp" />
		<Unit filename="include/Cell/FcCell_Spike.hpp" />
		<Unit filename="include/Cell/FcCell_Spike_Analog.hpp" />
		<Unit filename="include/Cell/FcCell_Spike_PCM.hpp" />
		<Unit filename="include/Cell/FcCell_Spike_RRAM.hpp" />
		<Unit filename="include/Cell/FcCell_Transcode.hpp" />
		<Unit filename="include/Cell/LRNCell.hpp" />
		<Unit filename="include/Cell/LRNCell_Frame.hpp" />
		<Unit filename="include/Cell/LRNCell_Frame_CUDA.hpp" />
		<Unit filename="include/Cell/NodeIn.hpp" />
		<Unit filename="include/Cell/NodeOut.hpp" />
		<Unit filename="include/Cell/PoolCell.hpp" />
		<Unit filename="include/Cell/PoolCell_Frame.hpp" />
		<Unit filename="include/Cell/PoolCell_Frame_CUDA.hpp" />
		<Unit filename="include/Cell/PoolCell_Spike.hpp" />
		<Unit filename="include/Cell/PoolCell_Spike_Compt.hpp" />
		<Unit filename="include/Cell/PoolCell_Transcode.hpp" />
		<Unit filename="include/Cell/SoftmaxCell.hpp" />
		<Unit filename="include/Cell/SoftmaxCell_Frame.hpp" />
		<Unit filename="include/Cell/SoftmaxCell_Frame_CUDA.hpp" />
		<Unit filename="include/Cell/TransformationCell.hpp" />
		<Unit filename="include/Cell/TransformationCell_Frame.hpp" />
		<Unit filename="include/Cell/TransformationCell_Frame_CUDA.hpp" />
		<Unit filename="include/Cochlea.hpp" />
		<Unit filename="include/ComputerVision/GaussianMixture.hpp" />
		<Unit filename="include/ComputerVision/LSL.hpp" />
		<Unit filename="include/ComputerVision/LSL_Box.hpp" />
		<Unit filename="include/ComputerVision/Morphology.hpp" />
		<Unit filename="include/ComputerVision/ROI.hpp" />
		<Unit filename="include/CudaContext.hpp" />
		<Unit filename="include/CudaUtils.hpp" />
		<Unit filename="include/DataFile/CsvDataFile.hpp" />
		<Unit filename="include/DataFile/DataFile.hpp" />
		<Unit filename="include/DataFile/ImageDataFile.hpp" />
		<Unit filename="include/DataFile/WavDataFile.hpp" />
		<Unit filename="include/Database/CIFAR_Database.hpp" />
		<Unit filename="include/Database/CKP_Database.hpp" />
		<Unit filename="include/Database/Caltech101_DIR_Database.hpp" />
		<Unit filename="include/Database/Caltech256_DIR_Database.hpp" />
		<Unit filename="include/Database/CaltechPedestrian_Database.hpp" />
		<Unit filename="include/Database/DIR_Database.hpp" />
		<Unit filename="include/Database/Daimler_Database.hpp" />
		<Unit filename="include/Database/Database.hpp" />
		<Unit filename="include/Database/FDDB_Database.hpp" />
		<Unit filename="include/Database/GTSDB_DIR_Database.hpp" />
		<Unit filename="include/Database/GTSRB_DIR_Database.hpp" />
		<Unit filename="include/Database/IDX_Database.hpp" />
		<Unit filename="include/Database/ILSVRC2012_Database.hpp" />
		<Unit filename="include/Database/IMDBWIKI_Database.hpp" />
		<Unit filename="include/Database/KITTI_Database.hpp" />
		<Unit filename="include/Database/KITTI_Road_Database.hpp" />
		<Unit filename="include/Database/LITISRouen_Database.hpp" />
		<Unit filename="include/Database/MNIST_IDX_Database.hpp" />
		<Unit filename="include/DeepNet.hpp" />
		<Unit filename="include/DrawNet.hpp" />
		<Unit filename="include/Environment.hpp" />
		<Unit filename="include/Export/BatchNormCellExport.hpp" />
		<Unit filename="include/Export/C/C_BatchNormCellExport.hpp" />
		<Unit filename="include/Export/C/C_CellExport.hpp" />
		<Unit filename="include/Export/C/C_ConvCellExport.hpp" />
		<Unit filename="include/Export/C/C_DeepNetExport.hpp" />
		<Unit filename="include/Export/C/C_FMPCellExport.hpp" />
		<Unit filename="include/Export/C/C_FcCellExport.hpp" />
		<Unit filename="include/Export/C/C_PoolCellExport.hpp" />
		<Unit filename="include/Export/C/C_SoftmaxCellExport.hpp" />
		<Unit filename="include/Export/CPP/CPP_BatchNormCellExport.hpp" />
		<Unit filename="include/Export/CPP/CPP_ConvCellExport.hpp" />
		<Unit filename="include/Export/CPP/CPP_FcCellExport.hpp" />
		<Unit filename="include/Export/CPP/CPP_PoolCellExport.hpp" />
		<Unit filename="include/Export/CPP_Cuda/CPP_Cuda_CellExport.hpp" />
		<Unit filename="include/Export/CPP_Cuda/CPP_Cuda_ConvCellExport.hpp" />
		<Unit filename="include/Export/CPP_Cuda/CPP_Cuda_DeepNetExport.hpp" />
		<Unit filename="include/Export/CPP_Cuda/CPP_Cuda_FcCellExport.hpp" />
		<Unit filename="include/Export/CPP_Cuda/CPP_Cuda_PoolCellExport.hpp" />
		<Unit filename="include/Export/CPP_OpenCL/CPP_OpenCL_BatchNormCellExport.hpp" />
		<Unit filename="include/Export/CPP_OpenCL/CPP_OpenCL_CellExport.hpp" />
		<Unit filename="include/Export/CPP_OpenCL/CPP_OpenCL_ConvCellExport.hpp" />
		<Unit filename="include/Export/CPP_OpenCL/CPP_OpenCL_DeepNetExport.hpp" />
		<Unit filename="include/Export/CPP_OpenCL/CPP_OpenCL_FMPCellExport.hpp" />
		<Unit filename="include/Export/CPP_OpenCL/CPP_OpenCL_FcCellExport.hpp" />
		<Unit filename="include/Export/CPP_OpenCL/CPP_OpenCL_PoolCellExport.hpp" />
		<Unit filename="include/Export/CPP_OpenCL/CPP_OpenCL_SoftmaxCellExport.hpp" />
		<Unit filename="include/Export/CPP_cuDNN/CPP_cuDNN_BatchNormCellExport.hpp" />
		<Unit filename="include/Export/CPP_cuDNN/CPP_cuDNN_CellExport.hpp" />
		<Unit filename="include/Export/CPP_cuDNN/CPP_cuDNN_ConvCellExport.hpp" />
		<Unit filename="include/Export/CPP_cuDNN/CPP_cuDNN_DeepNetExport.hpp" />
		<Unit filename="include/Export/CPP_cuDNN/CPP_cuDNN_FMPCellExport.hpp" />
		<Unit filename="include/Export/CPP_cuDNN/CPP_cuDNN_FcCellExport.hpp" />
		<Unit filename="include/Export/CPP_cuDNN/CPP_cuDNN_PoolCellExport.hpp" />
		<Unit filename="include/Export/CPP_cuDNN/CPP_cuDNN_SoftmaxCellExport.hpp" />
		<Unit filename="include/Export/CellExport.hpp" />
		<Unit filename="include/Export/ConvCellExport.hpp" />
		<Unit filename="include/Export/DeepNetExport.hpp" />
		<Unit filename="include/Export/FMPCellExport.hpp" />
		<Unit filename="include/Export/FcCellExport.hpp" />
		<Unit filename="include/Export/PoolCellExport.hpp" />
		<Unit filename="include/Export/SoftmaxCellExport.hpp" />
		<Unit filename="include/Export/StimuliProviderExport.hpp" />
		<Unit filename="include/Filler/ConstantFiller.hpp" />
		<Unit filename="include/Filler/Filler.hpp" />
		<Unit filename="include/Filler/NormalFiller.hpp" />
		<Unit filename="include/Filler/UniformFiller.hpp" />
		<Unit filename="include/Filler/XavierFiller.hpp" />
		<Unit filename="include/Generator/ActivationGenerator.hpp" />
		<Unit filename="include/Generator/AffineTransformationGenerator.hpp" />
		<Unit filename="include/Generator/ApodizationTransformationGenerator.hpp" />
		<Unit filename="include/Generator/BatchNormCellGenerator.hpp" />
		<Unit filename="include/Generator/CEnvironmentGenerator.hpp" />
		<Unit filename="include/Generator/CIFAR100_DatabaseGenerator.hpp" />
		<Unit filename="include/Generator/CIFAR10_DatabaseGenerator.hpp" />
		<Unit filename="include/Generator/CKP_DatabaseGenerator.hpp" />
		<Unit filename="include/Generator/Caltech101_DIR_DatabaseGenerator.hpp" />
		<Unit filename="include/Generator/Caltech256_DIR_DatabaseGenerator.hpp" />
		<Unit filename="include/Generator/CaltechPedestrian_DatabaseGenerator.hpp" />
		<Unit filename="include/Generator/CellGenerator.hpp" />
		<Unit filename="include/Generator/ChannelExtractionTransformationGenerator.hpp" />
		<Unit filename="include/Generator/ColorSpaceTransformationGenerator.hpp" />
		<Unit filename="include/Generator/ConstantFillerGenerator.hpp" />
		<Unit filename="include/Generator/ConvCellGenerator.hpp" />
		<Unit filename="include/Generator/DFTTransformationGenerator.hpp" />
		<Unit filename="include/Generator/DIR_DatabaseGenerator.hpp" />
		<Unit filename="include/Generator/Daimler_DatabaseGenerator.hpp" />
		<Unit filename="include/Generator/DatabaseGenerator.hpp" />
		<Unit filename="include/Generator/DeconvCellGenerator.hpp" />
		<Unit filename="include/Generator/DeepNetGenerator.hpp" />
		<Unit filename="include/Generator/DropoutCellGenerator.hpp" />
		<Unit filename="include/Generator/EnvironmentGenerator.hpp" />
		<Unit filename="include/Generator/FDDB_DatabaseGenerator.hpp" />
		<Unit filename="include/Generator/FMPCellGenerator.hpp" />
		<Unit filename="include/Generator/FcCellGenerator.hpp" />
		<Unit filename="include/Generator/FillerGenerator.hpp" />
		<Unit filename="include/Generator/FilterTransformationGenerator.hpp" />
		<Unit filename="include/Generator/FlipTransformationGenerator.hpp" />
		<Unit filename="include/Generator/GTSDB_DIR_DatabaseGenerator.hpp" />
		<Unit filename="include/Generator/GTSRB_DIR_DatabaseGenerator.hpp" />
		<Unit filename="include/Generator/ILSVRC2012_DatabaseGenerator.hpp" />
		<Unit filename="include/Generator/IMDBWIKI_DatabaseGenerator.hpp" />
		<Unit filename="include/Generator/KITTI_DatabaseGenerator.hpp" />
		<Unit filename="include/Generator/KITTI_Road_DatabaseGenerator.hpp" />
		<Unit filename="include/Generator/KernelGenerator.hpp" />
		<Unit filename="include/Generator/LITISRouen_DatabaseGenerator.hpp" />
		<Unit filename="include/Generator/LRNCellGenerator.hpp" />
		<Unit filename="include/Generator/LogisticActivationGenerator.hpp" />
		<Unit filename="include/Generator/MNIST_IDX_DatabaseGenerator.hpp" />
		<Unit filename="include/Generator/MagnitudePhaseTransformationGenerator.hpp" />
		<Unit filename="include/Generator/MappingGenerator.hpp" />
		<Unit filename="include/Generator/NormalFillerGenerator.hpp" />
		<Unit filename="include/Generator/NormalizeTransformationGenerator.hpp" />
		<Unit filename="include/Generator/PadCropTransformationGenerator.hpp" />
		<Unit filename="include/Generator/PoolCellGenerator.hpp" />
		<Unit filename="include/Generator/RangeAffineTransformationGenerator.hpp" />
		<Unit filename="include/Generator/RectifierActivationGenerator.hpp" />
		<Unit filename="include/Generator/RescaleTransformationGenerator.hpp" />
		<Unit filename="include/Generator/ReshapeTransformationGenerator.hpp" />
		<Unit filename="include/Generator/SGDSolverGenerator.hpp" />
		<Unit filename="include/Generator/SaturationActivationGenerator.hpp" />
		<Unit filename="include/Generator/SoftmaxCellGenerator.hpp" />
		<Unit filename="include/Generator/SoftplusActivationGenerator.hpp" />
		<Unit filename="include/Generator/SolverGenerator.hpp" />
		<Unit filename="include/Generator/StimuliDataGenerator.hpp" />
		<Unit filename="include/Generator/StimuliProviderGenerator.hpp" />
		<Unit filename="include/Generator/TanhActivationGenerator.hpp" />
		<Unit filename="include/Generator/TargetGenerator.hpp" />
		<Unit filename="include/Generator/ThresholdTransformationGenerator.hpp" />
		<Unit filename="include/Generator/TransformationCellGenerator.hpp" />
		<Unit filename="include/Generator/TransformationGenerator.hpp" />
		<Unit filename="include/Generator/TrimTransformationGenerator.hpp" />
		<Unit filename="include/Generator/UniformFillerGenerator.hpp" />
		<Unit filename="include/Generator/WindowFunctionGenerator.hpp" />
		<Unit filename="include/Generator/XavierFillerGenerator.hpp" />
		<Unit filename="include/Geometric/Circle.hpp" />
		<Unit filename="include/Geometric/Ellipse.hpp" />
		<Unit filename="include/Geometric/Polygon.hpp" />
		<Unit filename="include/Geometric/Rectangle.hpp" />
		<Unit filename="include/GradientCheck.hpp" />
		<Unit filename="include/HeteroEnvironment.hpp" />
		<Unit filename="include/HeteroStimuliProvider.hpp" />
		<Unit filename="include/Layer.hpp" />
		<Unit filename="include/Monitor.hpp" />
		<Unit filename="include/N2D2.hpp" />
		<Unit filename="include/Network.hpp" />
		<Unit filename="include/Node.hpp" />
		<Unit filename="include/NodeEnv.hpp" />
		<Unit filename="include/NodeNeuron.hpp" />
		<Unit filename="include/NodeNeuron_Behavioral.hpp" />
		<Unit filename="include/NodeNeuron_PCM.hpp" />
		<Unit filename="include/NodeNeuron_RRAM.hpp" />
		<Unit filename="include/NodeNeuron_Reflective.hpp" />
		<Unit filename="include/NodeSync.hpp" />
		<Unit filename="include/ROI/CircularROI.hpp" />
		<Unit filename="include/ROI/EllipticROI.hpp" />
		<Unit filename="include/ROI/PolygonalROI.hpp" />
		<Unit filename="include/ROI/ROI.hpp" />
		<Unit filename="include/ROI/RectangularROI.hpp" />
		<Unit filename="include/Solver/SGDSolver.hpp" />
		<Unit filename="include/Solver/SGDSolver_CUDA_Kernels.hpp" />
		<Unit filename="include/Solver/SGDSolver_Frame.hpp" />
		<Unit filename="include/Solver/SGDSolver_Frame_CUDA.hpp" />
		<Unit filename="include/Solver/Solver.hpp" />
		<Unit filename="include/Sound.hpp" />
		<Unit filename="include/SpikeEvent.hpp" />
		<Unit filename="include/SpikeGenerator.hpp" />
		<Unit filename="include/StimuliData.hpp" />
		<Unit filename="include/StimuliProvider.hpp" />
		<Unit filename="include/Synapse.hpp" />
		<Unit filename="include/Synapse_Behavioral.hpp" />
		<Unit filename="include/Synapse_Normalized.hpp" />
		<Unit filename="include/Synapse_PCM.hpp" />
		<Unit filename="include/Synapse_RRAM.hpp" />
		<Unit filename="include/Synapse_Static.hpp" />
		<Unit filename="include/Target/Target.hpp" />
		<Unit filename="include/Target/TargetROIs.hpp" />
		<Unit filename="include/Target/TargetScore.hpp" />
		<Unit filename="include/Transformation/AffineTransformation.hpp" />
		<Unit filename="include/Transformation/ApodizationTransformation.hpp" />
		<Unit filename="include/Transformation/ChannelExtractionTransformation.hpp" />
		<Unit filename="include/Transformation/ColorSpaceTransformation.hpp" />
		<Unit filename="include/Transformation/CompositeTransformation.hpp" />
		<Unit filename="include/Transformation/DFTTransformation.hpp" />
		<Unit filename="include/Transformation/FilterTransformation.hpp" />
		<Unit filename="include/Transformation/FlipTransformation.hpp" />
		<Unit filename="include/Transformation/MagnitudePhaseTransformation.hpp" />
		<Unit filename="include/Transformation/NormalizeTransformation.hpp" />
		<Unit filename="include/Transformation/PadCropTransformation.hpp" />
		<Unit filename="include/Transformation/RangeAffineTransformation.hpp" />
		<Unit filename="include/Transformation/RescaleTransformation.hpp" />
		<Unit filename="include/Transformation/ReshapeTransformation.hpp" />
		<Unit filename="include/Transformation/ThresholdTransformation.hpp" />
		<Unit filename="include/Transformation/Transformation.hpp" />
		<Unit filename="include/Transformation/TrimTransformation.hpp" />
		<Unit filename="include/Xcell.hpp" />
		<Unit filename="include/containers/CudaTensor4d.hpp" />
		<Unit filename="include/containers/Matrix.hpp" />
		<Unit filename="include/containers/Tensor2d.hpp" />
		<Unit filename="include/containers/Tensor3d.hpp" />
		<Unit filename="include/containers/Tensor4d.hpp" />
		<Unit filename="include/controler/CudaInterface.hpp" />
		<Unit filename="include/controler/Interface.hpp" />
		<Unit filename="include/utils/BinaryCvMat.hpp" />
		<Unit filename="include/utils/ConfusionMatrix.hpp" />
		<Unit filename="include/utils/DSP.hpp" />
		<Unit filename="include/utils/Gnuplot.hpp" />
		<Unit filename="include/utils/IniParser.hpp" />
		<Unit filename="include/utils/Kernel.hpp" />
		<Unit filename="include/utils/Key.hpp" />
		<Unit filename="include/utils/Parameterizable.hpp" />
		<Unit filename="include/utils/ProgramOptions.hpp" />
		<Unit filename="include/utils/Random.hpp" />
		<Unit filename="include/utils/Registrar.hpp" />
		<Unit filename="include/utils/TemplateParser.hpp" />
		<Unit filename="include/utils/UnitTest.hpp" />
		<Unit filename="include/utils/Utils.hpp" />
		<Unit filename="include/utils/WindowFunction.hpp" />
		<Unit filename="manual/Makefile" />
		<Unit filename="manual/biblio.bib" />
		<Unit filename="manual/make.bat" />
		<Unit filename="manual/manual.tex" />
		<Unit filename="src/Activation/Activation_CUDA_Kernels.cu" />
		<Unit filename="src/Activation/LogisticActivation_Frame.cpp" />
		<Unit filename="src/Activation/LogisticActivation_Frame_CUDA.cpp" />
		<Unit filename="src/Activation/RectifierActivation_Frame.cpp" />
		<Unit filename="src/Activation/RectifierActivation_Frame_CUDA.cpp" />
		<Unit filename="src/Activation/SaturationActivation_Frame.cpp" />
		<Unit filename="src/Activation/SaturationActivation_Frame_CUDA.cpp" />
		<Unit filename="src/Activation/SoftplusActivation_Frame.cpp" />
		<Unit filename="src/Activation/SoftplusActivation_Frame_CUDA.cpp" />
		<Unit filename="src/Activation/TanhActivation_Frame.cpp" />
		<Unit filename="src/Activation/TanhActivation_Frame_CUDA.cpp" />
		<Unit filename="src/Aer.cpp" />
		<Unit filename="src/AerEvent.cpp" />
		<Unit filename="src/CEnvironment.cpp" />
		<Unit filename="src/Cell/BatchNormCell.cpp" />
		<Unit filename="src/Cell/BatchNormCell_Frame.cpp" />
		<Unit filename="src/Cell/BatchNormCell_Frame_CUDA.cpp" />
		<Unit filename="src/Cell/Cell.cpp" />
		<Unit filename="src/Cell/Cell_Frame.cpp" />
		<Unit filename="src/Cell/Cell_Frame_CUDA.cpp" />
		<Unit filename="src/Cell/Cell_Spike.cpp" />
		<Unit filename="src/Cell/ConvCell.cpp" />
		<Unit filename="src/Cell/ConvCell_Frame.cpp" />
		<Unit filename="src/Cell/ConvCell_Frame_CUDA.cpp" />
		<Unit filename="src/Cell/ConvCell_Frame_Kernels.cpp" />
		<Unit filename="src/Cell/ConvCell_Spike.cpp" />
		<Unit filename="src/Cell/ConvCell_Spike_Analog.cpp" />
		<Unit filename="src/Cell/ConvCell_Spike_PCM.cpp" />
		<Unit filename="src/Cell/ConvCell_Spike_RRAM.cpp" />
		<Unit filename="src/Cell/ConvCell_Transcode.cpp" />
		<Unit filename="src/Cell/DeconvCell.cpp" />
		<Unit filename="src/Cell/DeconvCell_Frame.cpp" />
		<Unit filename="src/Cell/DeconvCell_Frame_CUDA.cpp" />
		<Unit filename="src/Cell/DropoutCell.cpp" />
		<Unit filename="src/Cell/DropoutCell_Frame_CUDA.cpp" />
		<Unit filename="src/Cell/FMPCell.cpp" />
		<Unit filename="src/Cell/FMPCell_Frame.cpp" />
		<Unit filename="src/Cell/FMPCell_Frame_CUDA.cpp" />
		<Unit filename="src/Cell/FMPCell_Frame_CUDA_Kernels.cu" />
		<Unit filename="src/Cell/FcCell.cpp" />
		<Unit filename="src/Cell/FcCell_Frame.cpp" />
		<Unit filename="src/Cell/FcCell_Frame_CUDA.cpp" />
		<Unit filename="src/Cell/FcCell_Spike.cpp" />
		<Unit filename="src/Cell/FcCell_Spike_Analog.cpp" />
		<Unit filename="src/Cell/FcCell_Spike_PCM.cpp" />
		<Unit filename="src/Cell/FcCell_Spike_RRAM.cpp" />
		<Unit filename="src/Cell/FcCell_Transcode.cpp" />
		<Unit filename="src/Cell/LRNCell.cpp" />
		<Unit filename="src/Cell/LRNCell_Frame.cpp" />
		<Unit filename="src/Cell/LRNCell_Frame_CUDA.cpp" />
		<Unit filename="src/Cell/NodeIn.cpp" />
		<Unit filename="src/Cell/NodeOut.cpp" />
		<Unit filename="src/Cell/PoolCell.cpp" />
		<Unit filename="src/Cell/PoolCell_Frame.cpp" />
		<Unit filename="src/Cell/PoolCell_Frame_CUDA.cpp" />
		<Unit filename="src/Cell/PoolCell_Spike.cpp" />
		<Unit filename="src/Cell/PoolCell_Spike_Compt.cpp" />
		<Unit filename="src/Cell/PoolCell_Transcode.cpp" />
		<Unit filename="src/Cell/SoftmaxCell.cpp" />
		<Unit filename="src/Cell/SoftmaxCell_Frame.cpp" />
		<Unit filename="src/Cell/SoftmaxCell_Frame_CUDA.cpp" />
		<Unit filename="src/Cell/TransformationCell.cpp" />
		<Unit filename="src/Cell/TransformationCell_Frame.cpp" />
		<Unit filename="src/Cell/TransformationCell_Frame_CUDA.cpp" />
		<Unit filename="src/Cochlea.cpp" />
		<Unit filename="src/ComputerVision/GaussianMixture.cpp" />
		<Unit filename="src/ComputerVision/LSL.cpp" />
		<Unit filename="src/ComputerVision/LSL_Box.cpp" />
		<Unit filename="src/ComputerVision/ROI.cpp" />
		<Unit filename="src/CudaUtils.cpp" />
		<Unit filename="src/DataFile/CsvDataFile.cpp" />
		<Unit filename="src/DataFile/ImageDataFile.cpp" />
		<Unit filename="src/DataFile/WavDataFile.cpp" />
		<Unit filename="src/Database/CIFAR_Database.cpp" />
		<Unit filename="src/Database/CKP_Database.cpp" />
		<Unit filename="src/Database/Caltech101_DIR_Database.cpp" />
		<Unit filename="src/Database/Caltech256_DIR_Database.cpp" />
		<Unit filename="src/Database/CaltechPedestrian_Database.cpp" />
		<Unit filename="src/Database/DIR_Database.cpp" />
		<Unit filename="src/Database/Daimler_Database.cpp" />
		<Unit filename="src/Database/Database.cpp" />
		<Unit filename="src/Database/FDDB_Database.cpp" />
		<Unit filename="src/Database/GTSDB_DIR_Database.cpp" />
		<Unit filename="src/Database/GTSRB_DIR_Database.cpp" />
		<Unit filename="src/Database/IDX_Database.cpp" />
		<Unit filename="src/Database/ILSVRC2012_Database.cpp" />
		<Unit filename="src/Database/IMDBWIKI_Database.cpp" />
		<Unit filename="src/Database/KITTI_Database.cpp" />
		<Unit filename="src/Database/KITTI_Road_Database.cpp" />
		<Unit filename="src/Database/LITISRouen_Database.cpp" />
		<Unit filename="src/Database/MNIST_IDX_Database.cpp" />
		<Unit filename="src/DeepNet.cpp" />
		<Unit filename="src/DrawNet.cpp" />
		<Unit filename="src/Environment.cpp" />
		<Unit filename="src/Export/BatchNormCellExport.cpp" />
		<Unit filename="src/Export/C/C_BatchNormCellExport.cpp" />
		<Unit filename="src/Export/C/C_CellExport.cpp" />
		<Unit filename="src/Export/C/C_ConvCellExport.cpp" />
		<Unit filename="src/Export/C/C_DeepNetExport.cpp" />
		<Unit filename="src/Export/C/C_FMPCellExport.cpp" />
		<Unit filename="src/Export/C/C_FcCellExport.cpp" />
		<Unit filename="src/Export/C/C_PoolCellExport.cpp" />
		<Unit filename="src/Export/C/C_SoftmaxCellExport.cpp" />
		<Unit filename="src/Export/CPP/CPP_BatchNormCellExport.cpp" />
		<Unit filename="src/Export/CPP/CPP_ConvCellExport.cpp" />
		<Unit filename="src/Export/CPP/CPP_FcCellExport.cpp" />
		<Unit filename="src/Export/CPP/CPP_PoolCellExport.cpp" />
		<Unit filename="src/Export/CPP_Cuda/CPP_Cuda_CellExport.cpp" />
		<Unit filename="src/Export/CPP_Cuda/CPP_Cuda_ConvCellExport.cpp" />
		<Unit filename="src/Export/CPP_Cuda/CPP_Cuda_DeepNetExport.cpp" />
		<Unit filename="src/Export/CPP_Cuda/CPP_Cuda_FcCellExport.cpp" />
		<Unit filename="src/Export/CPP_Cuda/CPP_Cuda_PoolCellExport.cpp" />
		<Unit filename="src/Export/CPP_OpenCL/CPP_OpenCL_BatchNormCellExport.cpp" />
		<Unit filename="src/Export/CPP_OpenCL/CPP_OpenCL_CellExport.cpp" />
		<Unit filename="src/Export/CPP_OpenCL/CPP_OpenCL_ConvCellExport.cpp" />
		<Unit filename="src/Export/CPP_OpenCL/CPP_OpenCL_DeepNetExport.cpp" />
		<Unit filename="src/Export/CPP_OpenCL/CPP_OpenCL_FMPCellExport.cpp" />
		<Unit filename="src/Export/CPP_OpenCL/CPP_OpenCL_FcCellExport.cpp" />
		<Unit filename="src/Export/CPP_OpenCL/CPP_OpenCL_PoolCellExport.cpp" />
		<Unit filename="src/Export/CPP_OpenCL/CPP_OpenCL_SoftmaxCellExport.cpp" />
		<Unit filename="src/Export/CPP_cuDNN/CPP_cuDNN_BatchNormCellExport.cpp" />
		<Unit filename="src/Export/CPP_cuDNN/CPP_cuDNN_CellExport.cpp" />
		<Unit filename="src/Export/CPP_cuDNN/CPP_cuDNN_ConvCellExport.cpp" />
		<Unit filename="src/Export/CPP_cuDNN/CPP_cuDNN_DeepNetExport.cpp" />
		<Unit filename="src/Export/CPP_cuDNN/CPP_cuDNN_FMPCellExport.cpp" />
		<Unit filename="src/Export/CPP_cuDNN/CPP_cuDNN_FcCellExport.cpp" />
		<Unit filename="src/Export/CPP_cuDNN/CPP_cuDNN_PoolCellExport.cpp" />
		<Unit filename="src/Export/CPP_cuDNN/CPP_cuDNN_SoftmaxCellExport.cpp" />
		<Unit filename="src/Export/CellExport.cpp" />
		<Unit filename="src/Export/ConvCellExport.cpp" />
		<Unit filename="src/Export/DeepNetExport.cpp" />
		<Unit filename="src/Export/FMPCellExport.cpp" />
		<Unit filename="src/Export/FcCellExport.cpp" />
		<Unit filename="src/Export/PoolCellExport.cpp" />
		<Unit filename="src/Export/SoftmaxCellExport.cpp" />
		<Unit filename="src/Export/StimuliProviderExport.cpp" />
		<Unit filename="src/Generator/ActivationGenerator.cpp" />
		<Unit filename="src/Generator/AffineTransformationGenerator.cpp" />
		<Unit filename="src/Generator/ApodizationTransformationGenerator.cpp" />
		<Unit filename="src/Generator/BatchNormCellGenerator.cpp" />
		<Unit filename="src/Generator/CEnvironmentGenerator.cpp" />
		<Unit filename="src/Generator/CIFAR100_DatabaseGenerator.cpp" />
		<Unit filename="src/Generator/CIFAR10_DatabaseGenerator.cpp" />
		<Unit filename="src/Generator/CKP_DatabaseGenerator.cpp" />
		<Unit filename="src/Generator/Caltech101_DIR_DatabaseGenerator.cpp" />
		<Unit filename="src/Generator/Caltech256_DIR_DatabaseGenerator.cpp" />
		<Unit filename="src/Generator/CaltechPedestrian_DatabaseGenerator.cpp" />
		<Unit filename="src/Generator/CellGenerator.cpp" />
		<Unit filename="src/Generator/ChannelExtractionTransformationGenerator.cpp" />
		<Unit filename="src/Generator/ColorSpaceTransformationGenerator.cpp" />
		<Unit filename="src/Generator/ConstantFillerGenerator.cpp" />
		<Unit filename="src/Generator/ConvCellGenerator.cpp" />
		<Unit filename="src/Generator/DFTTransformationGenerator.cpp" />
		<Unit filename="src/Generator/DIR_DatabaseGenerator.cpp" />
		<Unit filename="src/Generator/Daimler_DatabaseGenerator.cpp" />
		<Unit filename="src/Generator/DatabaseGenerator.cpp" />
		<Unit filename="src/Generator/DeconvCellGenerator.cpp" />
		<Unit filename="src/Generator/DeepNetGenerator.cpp" />
		<Unit filename="src/Generator/DropoutCellGenerator.cpp" />
		<Unit filename="src/Generator/EnvironmentGenerator.cpp" />
		<Unit filename="src/Generator/FDDB_DatabaseGenerator.cpp" />
		<Unit filename="src/Generator/FMPCellGenerator.cpp" />
		<Unit filename="src/Generator/FcCellGenerator.cpp" />
		<Unit filename="src/Generator/FillerGenerator.cpp" />
		<Unit filename="src/Generator/FilterTransformationGenerator.cpp" />
		<Unit filename="src/Generator/FlipTransformationGenerator.cpp" />
		<Unit filename="src/Generator/GTSDB_DIR_DatabaseGenerator.cpp" />
		<Unit filename="src/Generator/GTSRB_DIR_DatabaseGenerator.cpp" />
		<Unit filename="src/Generator/ILSVRC2012_DatabaseGenerator.cpp" />
		<Unit filename="src/Generator/IMDBWIKI_DatabaseGenerator.cpp" />
		<Unit filename="src/Generator/KITTI_DatabaseGenerator.cpp" />
		<Unit filename="src/Generator/KITTI_Road_DatabaseGenerator.cpp" />
		<Unit filename="src/Generator/KernelGenerator.cpp" />
		<Unit filename="src/Generator/LITISRouen_DatabaseGenerator.cpp" />
		<Unit filename="src/Generator/LRNCellGenerator.cpp" />
		<Unit filename="src/Generator/LogisticActivationGenerator.cpp" />
		<Unit filename="src/Generator/MNIST_IDX_DatabaseGenerator.cpp" />
		<Unit filename="src/Generator/MagnitudePhaseTransformationGenerator.cpp" />
		<Unit filename="src/Generator/MappingGenerator.cpp" />
		<Unit filename="src/Generator/NormalFillerGenerator.cpp" />
		<Unit filename="src/Generator/NormalizeTransformationGenerator.cpp" />
		<Unit filename="src/Generator/PadCropTransformationGenerator.cpp" />
		<Unit filename="src/Generator/PoolCellGenerator.cpp" />
		<Unit filename="src/Generator/RangeAffineTransformationGenerator.cpp" />
		<Unit filename="src/Generator/RectifierActivationGenerator.cpp" />
		<Unit filename="src/Generator/RescaleTransformationGenerator.cpp" />
		<Unit filename="src/Generator/ReshapeTransformationGenerator.cpp" />
		<Unit filename="src/Generator/SGDSolverGenerator.cpp" />
		<Unit filename="src/Generator/SaturationActivationGenerator.cpp" />
		<Unit filename="src/Generator/SoftmaxCellGenerator.cpp" />
		<Unit filename="src/Generator/SoftplusActivationGenerator.cpp" />
		<Unit filename="src/Generator/SolverGenerator.cpp" />
		<Unit filename="src/Generator/StimuliDataGenerator.cpp" />
		<Unit filename="src/Generator/StimuliProviderGenerator.cpp" />
		<Unit filename="src/Generator/TanhActivationGenerator.cpp" />
		<Unit filename="src/Generator/TargetGenerator.cpp" />
		<Unit filename="src/Generator/ThresholdTransformationGenerator.cpp" />
		<Unit filename="src/Generator/TransformationCellGenerator.cpp" />
		<Unit filename="src/Generator/TransformationGenerator.cpp" />
		<Unit filename="src/Generator/TrimTransformationGenerator.cpp" />
		<Unit filename="src/Generator/UniformFillerGenerator.cpp" />
		<Unit filename="src/Generator/WindowFunctionGenerator.cpp" />
		<Unit filename="src/Generator/XavierFillerGenerator.cpp" />
		<Unit filename="src/GradientCheck.cpp" />
		<Unit filename="src/HeteroEnvironment.cpp" />
		<Unit filename="src/HeteroStimuliProvider.cpp" />
		<Unit filename="src/Layer.cpp" />
		<Unit filename="src/Monitor.cpp" />
		<Unit filename="src/N2D2.cpp" />
		<Unit filename="src/Network.cpp" />
		<Unit filename="src/Node.cpp" />
		<Unit filename="src/NodeEnv.cpp" />
		<Unit filename="src/NodeNeuron.cpp" />
		<Unit filename="src/NodeNeuron_Behavioral.cpp" />
		<Unit filename="src/NodeNeuron_PCM.cpp" />
		<Unit filename="src/NodeNeuron_RRAM.cpp" />
		<Unit filename="src/NodeNeuron_Reflective.cpp" />
		<Unit filename="src/NodeSync.cpp" />
		<Unit filename="src/Solver/SGDSolver_CUDA_Kernels.cu" />
		<Unit filename="src/Solver/SGDSolver_Frame.cpp" />
		<Unit filename="src/Solver/SGDSolver_Frame_CUDA.cpp" />
		<Unit filename="src/Sound.cpp" />
		<Unit filename="src/SpikeGenerator.cpp" />
		<Unit filename="src/StimuliData.cpp" />
		<Unit filename="src/StimuliProvider.cpp" />
		<Unit filename="src/Synapse_Behavioral.cpp" />
		<Unit filename="src/Synapse_Normalized.cpp" />
		<Unit filename="src/Synapse_PCM.cpp" />
		<Unit filename="src/Synapse_RRAM.cpp" />
		<Unit filename="src/Synapse_Static.cpp" />
		<Unit filename="src/Target/Target.cpp" />
		<Unit filename="src/Target/TargetROIs.cpp" />
		<Unit filename="src/Target/TargetScore.cpp" />
		<Unit filename="src/Transformation/AffineTransformation.cpp" />
		<Unit filename="src/Transformation/ApodizationTransformation.cpp" />
		<Unit filename="src/Transformation/ChannelExtractionTransformation.cpp" />
		<Unit filename="src/Transformation/ColorSpaceTransformation.cpp" />
		<Unit filename="src/Transformation/DFTTransformation.cpp" />
		<Unit filename="src/Transformation/FilterTransformation.cpp" />
		<Unit filename="src/Transformation/FlipTransformation.cpp" />
		<Unit filename="src/Transformation/MagnitudePhaseTransformation.cpp" />
		<Unit filename="src/Transformation/NormalizeTransformation.cpp" />
		<Unit filename="src/Transformation/PadCropTransformation.cpp" />
		<Unit filename="src/Transformation/RangeAffineTransformation.cpp" />
		<Unit filename="src/Transformation/RescaleTransformation.cpp" />
		<Unit filename="src/Transformation/ReshapeTransformation.cpp" />
		<Unit filename="src/Transformation/ThresholdTransformation.cpp" />
		<Unit filename="src/Transformation/TrimTransformation.cpp" />
		<Unit filename="src/Xcell.cpp" />
		<Unit filename="src/utils/BinaryCvMat.cpp" />
		<Unit filename="src/utils/Gnuplot.cpp" />
		<Unit filename="src/utils/IniParser.cpp" />
		<Unit filename="src/utils/Parameterizable.cpp" />
		<Unit filename="src/utils/ProgramOptions.cpp" />
		<Unit filename="src/utils/Random.cpp" />
		<Unit filename="src/utils/TemplateParser.cpp" />
		<Unit filename="src/utils/UnitTest.cpp" />
		<Unit filename="src/utils/Utils.cpp" />
		<Unit filename="tests/CMakeLists.txt" />
		<Unit filename="tests/Cell/class_BatchNorm_Frame.cpp" />
		<Unit filename="tests/Cell/class_BatchNorm_Frame_CUDA.cpp" />
		<Unit filename="tests/Cell/class_ConvCell_Frame.cpp" />
		<Unit filename="tests/Cell/class_ConvCell_Frame_CUDA.cpp" />
		<Unit filename="tests/Cell/class_FcCell_Frame.cpp" />
		<Unit filename="tests/Cell/class_FcCell_Frame_CUDA.cpp" />
		<Unit filename="tests/Cell/class_PoolCell_Frame.cpp" />
		<Unit filename="tests/Cell/class_PoolCell_Frame_CUDA.cpp" />
		<Unit filename="tests/Cell/class_SoftmaxCell_Frame.cpp" />
		<Unit filename="tests/Cell/class_SoftmaxCell_Frame_CUDA.cpp" />
		<Unit filename="tests/DataFile/class_CsvDataFile.cpp" />
		<Unit filename="tests/Database/class_CIFAR_Database.cpp" />
		<Unit filename="tests/Database/class_CKP_Database.cpp" />
		<Unit filename="tests/Database/class_Caltech101_DIR_Database.cpp" />
		<Unit filename="tests/Database/class_Caltech256_DIR_Database.cpp" />
		<Unit filename="tests/Database/class_CaltechPedestrian_Database.cpp" />
		<Unit filename="tests/Database/class_Database.cpp" />
		<Unit filename="tests/Database/class_FDDB_Database.cpp" />
		<Unit filename="tests/Database/class_GTSDB_DIR_Database.cpp" />
		<Unit filename="tests/Database/class_GTSRB_DIR_Database.cpp" />
		<Unit filename="tests/Database/class_ILSVRC2012_Database.cpp" />
		<Unit filename="tests/Database/class_IMDBWIKI_Database.cpp" />
		<Unit filename="tests/Database/class_KITTI_Database.cpp" />
		<Unit filename="tests/Database/class_LITISRouen_Database.cpp" />
		<Unit filename="tests/Database/class_MNIST_IDX_Database.cpp" />
		<Unit filename="tests/Export/C/class_C_ConvCellExport.cpp" />
		<Unit filename="tests/Export/C/class_C_DeepNetExport.cpp" />
		<Unit filename="tests/Export/C/class_C_FcCellExport.cpp" />
		<Unit filename="tests/Export/CPP_OpenCL/class_CPP_OpenCL_ConvCellExport.cpp" />
		<Unit filename="tests/Generator/class_ConvCellGenerator.cpp" />
		<Unit filename="tests/Generator/class_DeepNetGenerator.cpp" />
		<Unit filename="tests/Generator/class_MappingGenerator.cpp" />
		<Unit filename="tests/Generator/class_StimuliProviderGenerator.cpp" />
		<Unit filename="tests/Generator/class_TransformationGenerator.cpp" />
		<Unit filename="tests/ROI/class_CircularROI.cpp" />
		<Unit filename="tests/ROI/class_EllipticROI.cpp" />
		<Unit filename="tests/ROI/class_PolygonalROI.cpp" />
		<Unit filename="tests/ROI/class_RectangularROI.cpp" />
		<Unit filename="tests/Target/class_Target.cpp" />
		<Unit filename="tests/Transformation/class_AffineTransformation.cpp" />
		<Unit filename="tests/Transformation/class_ApodizationTransformation.cpp" />
		<Unit filename="tests/Transformation/class_ChannelExtractionTransformation.cpp" />
		<Unit filename="tests/Transformation/class_ColorSpaceTransformation.cpp" />
		<Unit filename="tests/Transformation/class_CompositeTransformation.cpp" />
		<Unit filename="tests/Transformation/class_DFTTransformation.cpp" />
		<Unit filename="tests/Transformation/class_FilterTransformation.cpp" />
		<Unit filename="tests/Transformation/class_FlipTransformation.cpp" />
		<Unit filename="tests/Transformation/class_MagnitudePhaseTransformation.cpp" />
		<Unit filename="tests/Transformation/class_NormalizeTransformation.cpp" />
		<Unit filename="tests/Transformation/class_PadCropTransformation.cpp" />
		<Unit filename="tests/Transformation/class_RangeAffineTransformation.cpp" />
		<Unit filename="tests/Transformation/class_RescaleTransformation.cpp" />
		<Unit filename="tests/Transformation/class_ThresholdTransformation.cpp" />
		<Unit filename="tests/Transformation/class_TrimTransformation.cpp" />
		<Unit filename="tests/class_DeepNet.cpp" />
		<Unit filename="tests/class_Environment.cpp" />
		<Unit filename="tests/class_StimuliProvider.cpp" />
		<Unit filename="tests/containers/class_CudaTensor4d.cpp" />
		<Unit filename="tests/containers/class_Matrix.cpp" />
		<Unit filename="tests/containers/class_Tensor2d.cpp" />
		<Unit filename="tests/containers/class_Tensor3d.cpp" />
		<Unit filename="tests/containers/class_Tensor4d.cpp" />
		<Unit filename="tests/controler/class_Interface.cpp" />
		<Unit filename="tests/run_all.sh" />
		<Unit filename="tests/tests_data/Lenna.png" />
		<Unit filename="tests/tests_data/SIPI_Jelly_Beans_4.1.07.tiff" />
		<Unit filename="tests/utils/class_IniParser.cpp" />
		<Unit filename="tests/utils/class_Kernel.cpp" />
		<Unit filename="tests/utils/class_Parameterizable.cpp" />
		<Unit filename="tests/utils/class_TemplateParser.cpp" />
		<Unit filename="tests/utils/namespace_BinaryCvMat.cpp" />
		<Unit filename="tests/utils/namespace_DSP.cpp" />
		<Unit filename="tests/utils/namespace_Random.cpp" />
		<Unit filename="tests/utils/namespace_Utils.cpp" />
		<Unit filename="tools/install_stimuli.py" />
		<Unit filename="tools/python/TargetViewer.py" />
		<Unit filename="tools/python/__init__.py" />
		<Unit filename="tools/target_rois_viewer.py" />
		<Unit filename="tools/target_viewer.py" />
		<Extensions>
			<code_completion />
			<envvars />
			<lib_finder disable_auto="1" />
			<debugger />
		</Extensions>
	</Project>
</CodeBlocks_project_file>
