#MicroXplorer Configuration settings - do not modify
CORTEX_M7.CPU_DCache=Enabled
CORTEX_M7.CPU_ICache=Enabled
CORTEX_M7.IPParameters=CPU_ICache,CPU_DCache
File.Version=6
KeepUserPlacement=true
Mcu.Family=STM32H7
Mcu.IP0=CORTEX_M7
Mcu.IP1=NVIC
Mcu.IP2=RCC
Mcu.IP3=SYS
Mcu.IP4=USART3
Mcu.IPNb=5
Mcu.Name=STM32H743ZITx
Mcu.Package=LQFP144
Mcu.Pin0=PC13
Mcu.Pin1=PC14-OSC32_IN (OSC32_IN)
Mcu.Pin10=PC5
Mcu.Pin11=PB13
Mcu.Pin12=PB14
Mcu.Pin13=PD8
Mcu.Pin14=PD9
Mcu.Pin15=PG6
Mcu.Pin16=PG7
Mcu.Pin17=PA8
Mcu.Pin18=PA9
Mcu.Pin19=PA10
Mcu.Pin2=PC15-OSC32_OUT (OSC32_OUT)
Mcu.Pin20=PA11
Mcu.Pin21=PA12
Mcu.Pin22=PG11
Mcu.Pin23=PG13
Mcu.Pin24=PB7
Mcu.Pin25=VP_SYS_VS_Systick
Mcu.Pin3=PH0-OSC_IN (PH0)
Mcu.Pin4=PH1-OSC_OUT (PH1)
Mcu.Pin5=PC1
Mcu.Pin6=PA1
Mcu.Pin7=PA2
Mcu.Pin8=PA7
Mcu.Pin9=PC4
Mcu.PinsNb=26
Mcu.ThirdPartyNb=0
Mcu.UserConstants=
Mcu.UserName=STM32H743ZITx
MxCube.Version=5.2.0
MxDb.Version=DB.5.0.20
NVIC.BusFault_IRQn=true\:0\:0\:false\:false\:true\:true\:false
NVIC.DebugMonitor_IRQn=true\:0\:0\:false\:false\:true\:true\:false
NVIC.HardFault_IRQn=true\:0\:0\:false\:false\:true\:true\:false
NVIC.MemoryManagement_IRQn=true\:0\:0\:false\:false\:true\:true\:false
NVIC.NonMaskableInt_IRQn=true\:0\:0\:false\:false\:true\:true\:false
NVIC.PendSV_IRQn=true\:0\:0\:false\:false\:true\:true\:false
NVIC.PriorityGroup=NVIC_PRIORITYGROUP_4
NVIC.SVCall_IRQn=true\:0\:0\:false\:false\:true\:true\:false
NVIC.SysTick_IRQn=true\:0\:0\:false\:false\:true\:true\:true
NVIC.UsageFault_IRQn=true\:0\:0\:false\:false\:true\:true\:false
PA1.GPIOParameters=GPIO_Speed,GPIO_PuPd,GPIO_Mode
PA1.GPIO_Mode=GPIO_MODE_AF_PP
PA1.GPIO_PuPd=GPIO_NOPULL
PA1.GPIO_Speed=GPIO_SPEED_FREQ_LOW
PA1.Locked=true
PA1.Signal=ETH_REF_CLK
PA10.GPIOParameters=GPIO_Speed,GPIO_PuPd,GPIO_Mode
PA10.GPIO_Mode=GPIO_MODE_AF_PP
PA10.GPIO_PuPd=GPIO_NOPULL
PA10.GPIO_Speed=GPIO_SPEED_FREQ_LOW
PA10.Locked=true
PA10.Signal=USB_OTG_FS_ID
PA11.GPIOParameters=GPIO_Speed,GPIO_PuPd,GPIO_Mode
PA11.GPIO_Mode=GPIO_MODE_AF_PP
PA11.GPIO_PuPd=GPIO_NOPULL
PA11.GPIO_Speed=GPIO_SPEED_FREQ_LOW
PA11.Locked=true
PA11.Signal=USB_OTG_FS_DM
PA12.GPIOParameters=GPIO_Speed,GPIO_PuPd,GPIO_Mode
PA12.GPIO_Mode=GPIO_MODE_AF_PP
PA12.GPIO_PuPd=GPIO_NOPULL
PA12.GPIO_Speed=GPIO_SPEED_FREQ_LOW
PA12.Locked=true
PA12.Signal=USB_OTG_FS_DP
PA2.GPIOParameters=GPIO_Speed,GPIO_PuPd,GPIO_Mode
PA2.GPIO_Mode=GPIO_MODE_AF_PP
PA2.GPIO_PuPd=GPIO_NOPULL
PA2.GPIO_Speed=GPIO_SPEED_FREQ_LOW
PA2.Locked=true
PA2.Signal=ETH_MDIO
PA7.GPIOParameters=GPIO_Speed,GPIO_PuPd,GPIO_Mode
PA7.GPIO_Mode=GPIO_MODE_AF_PP
PA7.GPIO_PuPd=GPIO_NOPULL
PA7.GPIO_Speed=GPIO_SPEED_FREQ_LOW
PA7.Locked=true
PA7.Signal=ETH_CRS_DV
PA8.GPIOParameters=GPIO_Speed,GPIO_PuPd,GPIO_Mode
PA8.GPIO_Mode=GPIO_MODE_AF_PP
PA8.GPIO_PuPd=GPIO_NOPULL
PA8.GPIO_Speed=GPIO_SPEED_FREQ_LOW
PA8.Locked=true
PA8.Signal=USB_OTG_FS_SOF
PA9.GPIOParameters=GPIO_PuPd,GPIO_Mode
PA9.GPIO_Mode=GPIO_MODE_INPUT
PA9.GPIO_PuPd=GPIO_NOPULL
PA9.Locked=true
PA9.Signal=USB_OTG_FS_VBUS
PB13.GPIOParameters=GPIO_Speed,GPIO_PuPd,GPIO_Mode
PB13.GPIO_Mode=GPIO_MODE_AF_PP
PB13.GPIO_PuPd=GPIO_NOPULL
PB13.GPIO_Speed=GPIO_SPEED_FREQ_LOW
PB13.Locked=true
PB13.Signal=ETH_TXD1
PB14.GPIOParameters=GPIO_Speed,PinState,GPIO_PuPd,GPIO_ModeDefaultOutputPP
PB14.GPIO_ModeDefaultOutputPP=GPIO_MODE_OUTPUT_PP
PB14.GPIO_PuPd=GPIO_NOPULL
PB14.GPIO_Speed=GPIO_SPEED_FREQ_LOW
PB14.Locked=true
PB14.PinState=GPIO_PIN_RESET
PB14.Signal=GPIO_Output
PB7.GPIOParameters=GPIO_Speed,PinState,GPIO_PuPd,GPIO_ModeDefaultOutputPP,GPIO_FM7
PB7.GPIO_FM7=__NULL
PB7.GPIO_ModeDefaultOutputPP=GPIO_MODE_OUTPUT_PP
PB7.GPIO_PuPd=GPIO_NOPULL
PB7.GPIO_Speed=GPIO_SPEED_FREQ_LOW
PB7.Locked=true
PB7.PinState=GPIO_PIN_RESET
PB7.Signal=GPIO_Output
PC1.GPIOParameters=GPIO_Speed,GPIO_PuPd,GPIO_Mode
PC1.GPIO_Mode=GPIO_MODE_AF_PP
PC1.GPIO_PuPd=GPIO_NOPULL
PC1.GPIO_Speed=GPIO_SPEED_FREQ_LOW
PC1.Locked=true
PC1.Signal=ETH_MDC
PC13.GPIOParameters=GPIO_PuPd,GPIO_ModeDefaultEXTI
PC13.GPIO_ModeDefaultEXTI=GPIO_MODE_IT_RISING
PC13.GPIO_PuPd=GPIO_NOPULL
PC13.Locked=true
PC13.Signal=GPXTI13
PC14-OSC32_IN\ (OSC32_IN).Locked=true
PC14-OSC32_IN\ (OSC32_IN).Mode=LSE-External-Oscillator
PC14-OSC32_IN\ (OSC32_IN).Signal=RCC_OSC32_IN
PC15-OSC32_OUT\ (OSC32_OUT).Locked=true
PC15-OSC32_OUT\ (OSC32_OUT).Mode=LSE-External-Oscillator
PC15-OSC32_OUT\ (OSC32_OUT).Signal=RCC_OSC32_OUT
PC4.GPIOParameters=GPIO_Speed,GPIO_PuPd,GPIO_Mode
PC4.GPIO_Mode=GPIO_MODE_AF_PP
PC4.GPIO_PuPd=GPIO_NOPULL
PC4.GPIO_Speed=GPIO_SPEED_FREQ_LOW
PC4.Locked=true
PC4.Signal=ETH_RXD0
PC5.GPIOParameters=GPIO_Speed,GPIO_PuPd,GPIO_Mode
PC5.GPIO_Mode=GPIO_MODE_AF_PP
PC5.GPIO_PuPd=GPIO_NOPULL
PC5.GPIO_Speed=GPIO_SPEED_FREQ_LOW
PC5.Locked=true
PC5.Signal=ETH_RXD1
PCC.Checker=true
PCC.Line=STM32H743/753
PCC.MCU=STM32H743ZITx
PCC.PartNumber=STM32H743ZITx
PCC.Seq0=0
PCC.Series=STM32H7
PCC.Temperature=25
PCC.Vdd=3.0
PD8.GPIOParameters=GPIO_ModeDefaultPP,GPIO_Speed,GPIO_PuPd
PD8.GPIO_ModeDefaultPP=GPIO_MODE_AF_PP
PD8.GPIO_PuPd=GPIO_NOPULL
PD8.GPIO_Speed=GPIO_SPEED_FREQ_LOW
PD8.Locked=true
PD8.Mode=Asynchronous
PD8.Signal=USART3_TX
PD9.GPIOParameters=GPIO_ModeDefaultPP,GPIO_Speed,GPIO_PuPd
PD9.GPIO_ModeDefaultPP=GPIO_MODE_AF_PP
PD9.GPIO_PuPd=GPIO_NOPULL
PD9.GPIO_Speed=GPIO_SPEED_FREQ_LOW
PD9.Locked=true
PD9.Mode=Asynchronous
PD9.Signal=USART3_RX
PG11.GPIOParameters=GPIO_Speed,GPIO_PuPd,GPIO_Mode
PG11.GPIO_Mode=GPIO_MODE_AF_PP
PG11.GPIO_PuPd=GPIO_NOPULL
PG11.GPIO_Speed=GPIO_SPEED_FREQ_LOW
PG11.Locked=true
PG11.Signal=ETH_TX_EN
PG13.GPIOParameters=GPIO_Speed,GPIO_PuPd,GPIO_Mode
PG13.GPIO_Mode=GPIO_MODE_AF_PP
PG13.GPIO_PuPd=GPIO_NOPULL
PG13.GPIO_Speed=GPIO_SPEED_FREQ_LOW
PG13.Locked=true
PG13.Signal=ETH_TXD0
PG6.GPIOParameters=GPIO_Speed,PinState,GPIO_PuPd,GPIO_ModeDefaultOutputPP
PG6.GPIO_ModeDefaultOutputPP=GPIO_MODE_OUTPUT_PP
PG6.GPIO_PuPd=GPIO_NOPULL
PG6.GPIO_Speed=GPIO_SPEED_FREQ_LOW
PG6.Locked=true
PG6.PinState=GPIO_PIN_RESET
PG6.Signal=GPIO_Output
PG7.GPIOParameters=GPIO_PuPd,GPIO_Mode
PG7.GPIO_Mode=GPIO_MODE_INPUT
PG7.GPIO_PuPd=GPIO_NOPULL
PG7.Locked=true
PG7.Signal=GPIO_Input
PH0-OSC_IN\ (PH0).Locked=true
PH0-OSC_IN\ (PH0).Mode=HSE-External-Clock-Source
PH0-OSC_IN\ (PH0).Signal=RCC_OSC_IN
PH1-OSC_OUT\ (PH1).Mode=HSE-External-Clock-Source
PH1-OSC_OUT\ (PH1).Signal=RCC_OSC_OUT
PinOutPanel.RotationAngle=0
ProjectManager.AskForMigrate=true
ProjectManager.BackupPrevious=false
ProjectManager.CompilerOptimize=6
ProjectManager.ComputerToolchain=false
ProjectManager.CoupleFile=false
ProjectManager.CustomerFirmwarePackage=
ProjectManager.DefaultFWLocation=true
ProjectManager.DeletePrevious=true
ProjectManager.DeviceId=STM32H743ZITx
ProjectManager.FirmwarePackage=STM32Cube FW_H7 V1.4.0
ProjectManager.FreePins=false
ProjectManager.HalAssertFull=false
ProjectManager.HeapSize=0x200
ProjectManager.KeepUserCode=true
ProjectManager.LastFirmware=true
ProjectManager.LibraryCopy=1
ProjectManager.MainLocation=Src
ProjectManager.NoMain=false
ProjectManager.PreviousToolchain=TrueSTUDIO
ProjectManager.ProjectBuild=false
ProjectManager.ProjectFileName=stm32_cubemx.ioc
ProjectManager.ProjectName=stm32_cubemx
ProjectManager.StackSize=0x400
ProjectManager.TargetToolchain=Makefile
ProjectManager.ToolChainLocation=
ProjectManager.UnderRoot=false
ProjectManager.functionlistsort=1-MX_GPIO_Init-GPIO-false-HAL-true,2-SystemClock_Config-RCC-false-HAL-false,3-MX_CORTEX_M7_Init-CORTEX_M7-false-HAL-true,4-MX_USART3_UART_Init-USART3-false-HAL-true
RCC.ADCFreq_Value=129000000
RCC.AHB12Freq_Value=200000000
RCC.AHB4Freq_Value=200000000
RCC.APB1Freq_Value=100000000
RCC.APB2Freq_Value=100000000
RCC.APB3Freq_Value=100000000
RCC.APB4Freq_Value=100000000
RCC.AXIClockFreq_Value=200000000
RCC.CECFreq_Value=32000
RCC.CKPERFreq_Value=64000000
RCC.CortexFreq_Value=400000000
RCC.CpuClockFreq_Value=400000000
RCC.D1CPREFreq_Value=400000000
RCC.D1PPRE=RCC_APB3_DIV2
RCC.D2PPRE1=RCC_APB1_DIV2
RCC.D2PPRE2=RCC_APB2_DIV2
RCC.D3PPRE=RCC_APB4_DIV2
RCC.DFSDMACLkFreq_Value=400000000
RCC.DFSDMFreq_Value=100000000
RCC.DIVM1=4
RCC.DIVN1=50
RCC.DIVP1Freq_Value=400000000
RCC.DIVP2Freq_Value=129000000
RCC.DIVP3Freq_Value=129000000
RCC.DIVQ1Freq_Value=400000000
RCC.DIVQ2Freq_Value=129000000
RCC.DIVQ3Freq_Value=129000000
RCC.DIVR1Freq_Value=400000000
RCC.DIVR2Freq_Value=129000000
RCC.DIVR3Freq_Value=129000000
RCC.FDCANFreq_Value=400000000
RCC.FMCFreq_Value=200000000
RCC.FamilyName=M
RCC.HCLK3ClockFreq_Value=200000000
RCC.HCLKFreq_Value=200000000
RCC.HPRE=RCC_HCLK_DIV2
RCC.HRTIMFreq_Value=200000000
RCC.I2C123Freq_Value=100000000
RCC.I2C4Freq_Value=100000000
RCC.IPParameters=ADCFreq_Value,AHB12Freq_Value,AHB4Freq_Value,APB1Freq_Value,APB2Freq_Value,APB3Freq_Value,APB4Freq_Value,AXIClockFreq_Value,CECFreq_Value,CKPERFreq_Value,CortexFreq_Value,CpuClockFreq_Value,D1CPREFreq_Value,D1PPRE,D2PPRE1,D2PPRE2,D3PPRE,DFSDMACLkFreq_Value,DFSDMFreq_Value,DIVM1,DIVN1,DIVP1Freq_Value,DIVP2Freq_Value,DIVP3Freq_Value,DIVQ1Freq_Value,DIVQ2Freq_Value,DIVQ3Freq_Value,DIVR1Freq_Value,DIVR2Freq_Value,DIVR3Freq_Value,FDCANFreq_Value,FMCFreq_Value,FamilyName,HCLK3ClockFreq_Value,HCLKFreq_Value,HPRE,HRTIMFreq_Value,I2C123Freq_Value,I2C4Freq_Value,LPTIM1Freq_Value,LPTIM2Freq_Value,LPTIM345Freq_Value,LPUART1Freq_Value,LTDCFreq_Value,MCO1PinFreq_Value,MCO2PinFreq_Value,PLLFRACN,QSPIFreq_Value,RNGFreq_Value,RTCFreq_Value,SAI1Freq_Value,SAI23Freq_Value,SAI4AFreq_Value,SAI4BFreq_Value,SDMMCFreq_Value,SPDIFRXFreq_Value,SPI123Freq_Value,SPI45Freq_Value,SPI6Freq_Value,SWPMI1Freq_Value,SYSCLKFreq_VALUE,SYSCLKSource,Tim1OutputFreq_Value,Tim2OutputFreq_Value,TraceFreq_Value,USART16Freq_Value,USART234578Freq_Value,USBCLockSelection,USBFreq_Value,VCO1OutputFreq_Value,VCO2OutputFreq_Value,VCO3OutputFreq_Value,VCOInput1Freq_Value,VCOInput2Freq_Value,VCOInput3Freq_Value
RCC.LPTIM1Freq_Value=100000000
RCC.LPTIM2Freq_Value=100000000
RCC.LPTIM345Freq_Value=100000000
RCC.LPUART1Freq_Value=100000000
RCC.LTDCFreq_Value=129000000
RCC.MCO1PinFreq_Value=64000000
RCC.MCO2PinFreq_Value=400000000
RCC.PLLFRACN=0
RCC.QSPIFreq_Value=200000000
RCC.RNGFreq_Value=48000000
RCC.RTCFreq_Value=32000
RCC.SAI1Freq_Value=400000000
RCC.SAI23Freq_Value=400000000
RCC.SAI4AFreq_Value=400000000
RCC.SAI4BFreq_Value=400000000
RCC.SDMMCFreq_Value=400000000
RCC.SPDIFRXFreq_Value=400000000
RCC.SPI123Freq_Value=400000000
RCC.SPI45Freq_Value=100000000
RCC.SPI6Freq_Value=100000000
RCC.SWPMI1Freq_Value=100000000
RCC.SYSCLKFreq_VALUE=400000000
RCC.SYSCLKSource=RCC_SYSCLKSOURCE_PLLCLK
RCC.Tim1OutputFreq_Value=200000000
RCC.Tim2OutputFreq_Value=200000000
RCC.TraceFreq_Value=64000000
RCC.USART16Freq_Value=100000000
RCC.USART234578Freq_Value=100000000
RCC.USBCLockSelection=RCC_USBCLKSOURCE_HSI48
RCC.USBFreq_Value=48000000
RCC.VCO1OutputFreq_Value=800000000
RCC.VCO2OutputFreq_Value=258000000
RCC.VCO3OutputFreq_Value=258000000
RCC.VCOInput1Freq_Value=16000000
RCC.VCOInput2Freq_Value=2000000
RCC.VCOInput3Freq_Value=2000000
SH.GPXTI13.0=GPIO_EXTI13
SH.GPXTI13.ConfNb=1
USART3.IPParameters=VirtualMode-Asynchronous
USART3.VirtualMode-Asynchronous=VM_ASYNC
VP_SYS_VS_Systick.Mode=SysTick
VP_SYS_VS_Systick.Signal=SYS_VS_Systick
board=NUCLEO-H743ZI
boardIOC=true
